
Microsoft Visual Studio Solution File, Format Version 11.00
# Visual Studio 2010
Project("{FAE04EC0-301F-11D3-BF4B-00C04F79EFBC}") = "AstarPathfindingProject", "AstarPathfindingProject.csproj", "{a84f8d06-e694-e582-4998-011d769c448b}"
EndProject
Project("{FAE04EC0-301F-11D3-BF4B-00C04F79EFBC}") = "Assembly-CSharp", "Assembly-CSharp.csproj", "{fd8b4191-4236-9169-7f8e-0fd0086bb42d}"
EndProject
Project("{FAE04EC0-301F-11D3-BF4B-00C04F79EFBC}") = "Assembly-CSharp-firstpass", "Assembly-CSharp-firstpass.csproj", "{082358f7-a11d-0174-f0f3-c246a453601e}"
EndProject
Project("{FAE04EC0-301F-11D3-BF4B-00C04F79EFBC}") = "AstarPathfindingProjectEditor", "AstarPathfindingProjectEditor.csproj", "{5147bc83-f0aa-6b70-c444-b650348ac068}"
EndProject
Project("{FAE04EC0-301F-11D3-BF4B-00C04F79EFBC}") = "PackageToolsEditor", "PackageToolsEditor.csproj", "{1219cd2c-5286-56ad-963f-37b5884d7b17}"
EndProject
Global
	GlobalSection(SolutionConfigurationPlatforms) = preSolution
		Debug|Any CPU = Debug|Any CPU
	EndGlobalSection
	GlobalSection(ProjectConfigurationPlatforms) = postSolution
		{a84f8d06-e694-e582-4998-011d769c448b}.Debug|Any CPU.ActiveCfg = Debug|Any CPU
		{a84f8d06-e694-e582-4998-011d769c448b}.Debug|Any CPU.Build.0 = Debug|Any CPU
		{fd8b4191-4236-9169-7f8e-0fd0086bb42d}.Debug|Any CPU.ActiveCfg = Debug|Any CPU
		{fd8b4191-4236-9169-7f8e-0fd0086bb42d}.Debug|Any CPU.Build.0 = Debug|Any CPU
		{082358f7-a11d-0174-f0f3-c246a453601e}.Debug|Any CPU.ActiveCfg = Debug|Any CPU
		{082358f7-a11d-0174-f0f3-c246a453601e}.Debug|Any CPU.Build.0 = Debug|Any CPU
		{5147bc83-f0aa-6b70-c444-b650348ac068}.Debug|Any CPU.ActiveCfg = Debug|Any CPU
		{5147bc83-f0aa-6b70-c444-b650348ac068}.Debug|Any CPU.Build.0 = Debug|Any CPU
		{1219cd2c-5286-56ad-963f-37b5884d7b17}.Debug|Any CPU.ActiveCfg = Debug|Any CPU
		{1219cd2c-5286-56ad-963f-37b5884d7b17}.Debug|Any CPU.Build.0 = Debug|Any CPU
	EndGlobalSection
	GlobalSection(SolutionProperties) = preSolution
		HideSolutionNode = FALSE
	EndGlobalSection
EndGlobal
